{"format_version":"1.2","terraform_version":"1.6.4","planned_values":{"root_module":{"resources":[{"address":"aws_alb_listener.my-alb-listener","mode":"managed","type":"aws_alb_listener","name":"my-alb-listener","provider_name":"registry.terraform.io/hashicorp/aws","schema_version":0,"values":{"alpn_policy":null,"certificate_arn":null,"default_action":[{"authenticate_cognito":[],"authenticate_oidc":[],"fixed_response":[],"forward":[],"redirect":[],"target_group_arn":null,"type":"forward"}],"port":80,"protocol":"HTTP","tags":null,"timeouts":null},"sensitive_values":{"default_action":[{"authenticate_cognito":[],"authenticate_oidc":[],"fixed_response":[],"forward":[],"redirect":[]}],"mutual_authentication":[],"tags_all":{}}},{"address":"aws_lb.front_end","mode":"managed","type":"aws_lb","name":"front_end","provider_name":"registry.terraform.io/hashicorp/aws","schema_version":0,"values":{"access_logs":[],"customer_owned_ipv4_pool":null,"desync_mitigation_mode":"defensive","dns_record_client_routing_policy":null,"drop_invalid_header_fields":false,"enable_cross_zone_load_balancing":null,"enable_deletion_protection":false,"enable_http2":true,"enable_tls_version_and_cipher_suite_headers":false,"enable_waf_fail_open":false,"enable_xff_client_port":false,"idle_timeout":60,"load_balancer_type":"application","preserve_host_header":false,"tags":null,"timeouts":null,"xff_header_processing_mode":"append"},"sensitive_values":{"access_logs":[],"security_groups":[],"subnet_mapping":[],"subnets":[],"tags_all":{}}},{"address":"aws_security_group_rule.my-rule","mode":"managed","type":"aws_security_group_rule","name":"my-rule","provider_name":"registry.terraform.io/hashicorp/aws","schema_version":2,"values":{"cidr_blocks":["0.0.0.0/0"],"description":null,"from_port":0,"ipv6_cidr_blocks":null,"prefix_list_ids":null,"protocol":"tcp","security_group_id":"sg-123456","self":false,"timeouts":null,"to_port":65535,"type":"ingress"},"sensitive_values":{"cidr_blocks":[false]}},{"address":"azurerm_managed_disk.source","mode":"managed","type":"azurerm_managed_disk","name":"source","provider_name":"registry.terraform.io/hashicorp/azurerm","schema_version":1,"values":{"create_option":"Empty","disk_access_id":null,"disk_encryption_set_id":null,"disk_size_gb":1,"edge_zone":null,"encryption_settings":[],"gallery_image_reference_id":null,"hyper_v_generation":null,"image_reference_id":null,"location":"eastus","name":"acctestmd","network_access_policy":null,"on_demand_bursting_enabled":null,"optimized_frequent_attach_enabled":false,"os_type":null,"performance_plus_enabled":false,"public_network_access_enabled":true,"resource_group_name":"example-group","secure_vm_disk_encryption_set_id":null,"security_type":null,"source_resource_id":null,"storage_account_id":null,"storage_account_type":"Standard_LRS","tags":{"environment":"staging"},"timeouts":null,"trusted_launch_enabled":null,"upload_size_bytes":null,"zone":null},"sensitive_values":{"encryption_settings":[],"tags":{}}},{"address":"azurerm_resource_group.example","mode":"managed","type":"azurerm_resource_group","name":"example","provider_name":"registry.terraform.io/hashicorp/azurerm","schema_version":0,"values":{"location":"eastus","managed_by":null,"name":"example-group","tags":null,"timeouts":null},"sensitive_values":{}}]}},"resource_changes":[{"address":"aws_alb_listener.my-alb-listener","mode":"managed","type":"aws_alb_listener","name":"my-alb-listener","provider_name":"registry.terraform.io/hashicorp/aws","change":{"actions":["create"],"before":null,"after":{"alpn_policy":null,"certificate_arn":null,"default_action":[{"authenticate_cognito":[],"authenticate_oidc":[],"fixed_response":[],"forward":[],"redirect":[],"target_group_arn":null,"type":"forward"}],"port":80,"protocol":"HTTP","tags":null,"timeouts":null},"after_unknown":{"arn":true,"default_action":[{"authenticate_cognito":[],"authenticate_oidc":[],"fixed_response":[],"forward":[],"order":true,"redirect":[]}],"id":true,"load_balancer_arn":true,"mutual_authentication":true,"ssl_policy":true,"tags_all":true},"before_sensitive":false,"after_sensitive":{"default_action":[{"authenticate_cognito":[],"authenticate_oidc":[],"fixed_response":[],"forward":[],"redirect":[]}],"mutual_authentication":[],"tags_all":{}}}},{"address":"aws_lb.front_end","mode":"managed","type":"aws_lb","name":"front_end","provider_name":"registry.terraform.io/hashicorp/aws","change":{"actions":["create"],"before":null,"after":{"access_logs":[],"customer_owned_ipv4_pool":null,"desync_mitigation_mode":"defensive","dns_record_client_routing_policy":null,"drop_invalid_header_fields":false,"enable_cross_zone_load_balancing":null,"enable_deletion_protection":false,"enable_http2":true,"enable_tls_version_and_cipher_suite_headers":false,"enable_waf_fail_open":false,"enable_xff_client_port":false,"idle_timeout":60,"load_balancer_type":"application","preserve_host_header":false,"tags":null,"timeouts":null,"xff_header_processing_mode":"append"},"after_unknown":{"access_logs":[],"arn":true,"arn_suffix":true,"dns_name":true,"enforce_security_group_inbound_rules_on_private_link_traffic":true,"id":true,"internal":true,"ip_address_type":true,"name":true,"name_prefix":true,"security_groups":true,"subnet_mapping":true,"subnets":true,"tags_all":true,"vpc_id":true,"zone_id":true},"before_sensitive":false,"after_sensitive":{"access_logs":[],"security_groups":[],"subnet_mapping":[],"subnets":[],"tags_all":{}}}},{"address":"aws_security_group_rule.my-rule","mode":"managed","type":"aws_security_group_rule","name":"my-rule","provider_name":"registry.terraform.io/hashicorp/aws","change":{"actions":["create"],"before":null,"after":{"cidr_blocks":["0.0.0.0/0"],"description":null,"from_port":0,"ipv6_cidr_blocks":null,"prefix_list_ids":null,"protocol":"tcp","security_group_id":"sg-123456","self":false,"timeouts":null,"to_port":65535,"type":"ingress"},"after_unknown":{"cidr_blocks":[false],"id":true,"security_group_rule_id":true,"source_security_group_id":true},"before_sensitive":false,"after_sensitive":{"cidr_blocks":[false]}}},{"address":"azurerm_managed_disk.source","mode":"managed","type":"azurerm_managed_disk","name":"source","provider_name":"registry.terraform.io/hashicorp/azurerm","change":{"actions":["create"],"before":null,"after":{"create_option":"Empty","disk_access_id":null,"disk_encryption_set_id":null,"disk_size_gb":1,"edge_zone":null,"encryption_settings":[],"gallery_image_reference_id":null,"hyper_v_generation":null,"image_reference_id":null,"location":"eastus","name":"acctestmd","network_access_policy":null,"on_demand_bursting_enabled":null,"optimized_frequent_attach_enabled":false,"os_type":null,"performance_plus_enabled":false,"public_network_access_enabled":true,"resource_group_name":"example-group","secure_vm_disk_encryption_set_id":null,"security_type":null,"source_resource_id":null,"storage_account_id":null,"storage_account_type":"Standard_LRS","tags":{"environment":"staging"},"timeouts":null,"trusted_launch_enabled":null,"upload_size_bytes":null,"zone":null},"after_unknown":{"disk_iops_read_only":true,"disk_iops_read_write":true,"disk_mbps_read_only":true,"disk_mbps_read_write":true,"encryption_settings":[],"id":true,"logical_sector_size":true,"max_shares":true,"source_uri":true,"tags":{},"tier":true},"before_sensitive":false,"after_sensitive":{"encryption_settings":[],"tags":{}}}},{"address":"azurerm_resource_group.example","mode":"managed","type":"azurerm_resource_group","name":"example","provider_name":"registry.terraform.io/hashicorp/azurerm","change":{"actions":["create"],"before":null,"after":{"location":"eastus","managed_by":null,"name":"example-group","tags":null,"timeouts":null},"after_unknown":{"id":true},"before_sensitive":false,"after_sensitive":{}}}],"configuration":{"provider_config":{"aws":{"name":"aws","full_name":"registry.terraform.io/hashicorp/aws"},"azurerm":{"name":"azurerm","full_name":"registry.terraform.io/hashicorp/azurerm","expressions":{"features":[{}]}}},"root_module":{"resources":[{"address":"aws_alb_listener.my-alb-listener","mode":"managed","type":"aws_alb_listener","name":"my-alb-listener","provider_config_key":"aws","expressions":{"default_action":[{"type":{"constant_value":"forward"}}],"load_balancer_arn":{"references":["aws_lb.front_end.arn","aws_lb.front_end"]},"port":{"constant_value":"80"},"protocol":{"constant_value":"HTTP"}},"schema_version":0},{"address":"aws_lb.front_end","mode":"managed","type":"aws_lb","name":"front_end","provider_config_key":"aws","schema_version":0},{"address":"aws_security_group_rule.my-rule","mode":"managed","type":"aws_security_group_rule","name":"my-rule","provider_config_key":"aws","expressions":{"cidr_blocks":{"constant_value":["0.0.0.0/0"]},"from_port":{"constant_value":0},"protocol":{"constant_value":"tcp"},"security_group_id":{"constant_value":"sg-123456"},"to_port":{"constant_value":65535},"type":{"constant_value":"ingress"}},"schema_version":2},{"address":"azurerm_managed_disk.source","mode":"managed","type":"azurerm_managed_disk","name":"source","provider_config_key":"azurerm","expressions":{"create_option":{"constant_value":"Empty"},"disk_size_gb":{"constant_value":"1"},"location":{"references":["azurerm_resource_group.example.location","azurerm_resource_group.example"]},"name":{"constant_value":"acctestmd"},"resource_group_name":{"references":["azurerm_resource_group.example.name","azurerm_resource_group.example"]},"storage_account_type":{"constant_value":"Standard_LRS"},"tags":{"constant_value":{"environment":"staging"}}},"schema_version":1},{"address":"azurerm_resource_group.example","mode":"managed","type":"azurerm_resource_group","name":"example","provider_config_key":"azurerm","expressions":{"location":{"constant_value":"East US"},"name":{"constant_value":"example-group"}},"schema_version":0}]}},"relevant_attributes":[{"resource":"aws_lb.front_end","attribute":["arn"]},{"resource":"azurerm_resource_group.example","attribute":["name"]},{"resource":"azurerm_resource_group.example","attribute":["location"]}],"timestamp":"2023-12-11T20:12:47Z","errored":false}
